
Microsoft Visual Studio Solution File, Format Version 12.00
# Visual Studio Version 17
VisualStudioVersion = 17.7.34202.233
MinimumVisualStudioVersion = 10.0.40219.1
Project("{2150E333-8FDC-42A3-9474-1A3956D46DE8}") = "Services", "Services", "{950DC796-16FF-4999-80EB-FB93E7C8BCE1}"
EndProject
Project("{2150E333-8FDC-42A3-9474-1A3956D46DE8}") = "Catalog", "Catalog", "{F1CC6716-AA32-48C8-80B1-121DABE54088}"
EndProject
Project("{9A19103F-16F7-4668-BE54-9A1E7A4F7556}") = "Catalog.Api", "Services\Catalog\Catalog.Api\Catalog.Api.csproj", "{CE9F6113-631C-409C-A6C0-436E0BF7DE8C}"
EndProject
Project("{2150E333-8FDC-42A3-9474-1A3956D46DE8}") = "Note", "Note", "{B52FD5D9-7EA1-44D6-8F0F-B0869BF14227}"
	ProjectSection(SolutionItems) = preProject
		Catalog.Service.Note.md = Catalog.Service.Note.md
		Users.Service.Note.md = Users.Service.Note.md
	EndProjectSection
EndProject
Project("{2150E333-8FDC-42A3-9474-1A3956D46DE8}") = "Docker", "Docker", "{A4C37248-5A44-4DB8-A9BE-2625BBB0022C}"
EndProject
Project("{2150E333-8FDC-42A3-9474-1A3956D46DE8}") = "Solution Items", "Solution Items", "{F75C15B8-03AA-4C0A-8601-CEC0E68D7D9E}"
	ProjectSection(SolutionItems) = preProject
		build-image.bat = build-image.bat
		docker-compose.yaml = docker-compose.yaml
	EndProjectSection
EndProject
Project("{2150E333-8FDC-42A3-9474-1A3956D46DE8}") = "User", "User", "{8BAE5D4A-05EC-46A5-B15E-C0DC27A3E0F0}"
EndProject
Project("{9A19103F-16F7-4668-BE54-9A1E7A4F7556}") = "Users.Api", "Services\User\User.Api\Users.Api.csproj", "{8075DD92-F944-49FD-AA2B-E89B02EDF4E6}"
EndProject
Project("{2150E333-8FDC-42A3-9474-1A3956D46DE8}") = "Authenticate", "Authenticate", "{0DCD95E5-818A-4716-A108-D3FB08C64199}"
EndProject
Project("{9A19103F-16F7-4668-BE54-9A1E7A4F7556}") = "Authenticate.Api", "Services\Authenticate\Authenticate.Api\Authenticate.Api.csproj", "{6C366EAB-8518-44FE-AEEB-DBECDD9319D0}"
EndProject
Project("{2150E333-8FDC-42A3-9474-1A3956D46DE8}") = "Basket", "Basket", "{1C3AA74F-0E01-46FD-B651-D626107817DC}"
EndProject
Project("{9A19103F-16F7-4668-BE54-9A1E7A4F7556}") = "Basket.Api", "Services\Basket\Basket.Api\Basket.Api.csproj", "{573090F5-F0AF-4DF0-B0F7-0C83C5057D80}"
EndProject
Project("{2150E333-8FDC-42A3-9474-1A3956D46DE8}") = "Discount", "Discount", "{E6A085A9-246D-4E94-A029-4DD929CFBACF}"
EndProject
Project("{9A19103F-16F7-4668-BE54-9A1E7A4F7556}") = "Discounts.Api", "Services\Discount\Discount.Api\Discounts.Api.csproj", "{420C4979-9B18-4BE9-8A89-A0B76B08CBB5}"
EndProject
Project("{2150E333-8FDC-42A3-9474-1A3956D46DE8}") = "Ordering", "Ordering", "{7232DC2D-2588-4E56-AE10-9CA8A53FCDCD}"
EndProject
Project("{9A19103F-16F7-4668-BE54-9A1E7A4F7556}") = "Ordering.Api", "Services\Ordering\Ordering.Api\Ordering.Api.csproj", "{36CC3C6A-8074-4A5C-9972-ED3F7EEC8A41}"
EndProject
Project("{2150E333-8FDC-42A3-9474-1A3956D46DE8}") = "Common", "Common", "{66E0DFAC-3915-41E0-8412-62D0ABE10DB7}"
EndProject
Project("{FAE04EC0-301F-11D3-BF4B-00C04F79EFBC}") = "Common", "Services\Common\Common\Common.csproj", "{0B04528C-8F0C-41DF-B4DD-66F253229D29}"
EndProject
Global
	GlobalSection(SolutionConfigurationPlatforms) = preSolution
		Debug|Any CPU = Debug|Any CPU
		Release|Any CPU = Release|Any CPU
	EndGlobalSection
	GlobalSection(ProjectConfigurationPlatforms) = postSolution
		{CE9F6113-631C-409C-A6C0-436E0BF7DE8C}.Debug|Any CPU.ActiveCfg = Debug|Any CPU
		{CE9F6113-631C-409C-A6C0-436E0BF7DE8C}.Debug|Any CPU.Build.0 = Debug|Any CPU
		{CE9F6113-631C-409C-A6C0-436E0BF7DE8C}.Release|Any CPU.ActiveCfg = Release|Any CPU
		{CE9F6113-631C-409C-A6C0-436E0BF7DE8C}.Release|Any CPU.Build.0 = Release|Any CPU
		{8075DD92-F944-49FD-AA2B-E89B02EDF4E6}.Debug|Any CPU.ActiveCfg = Debug|Any CPU
		{8075DD92-F944-49FD-AA2B-E89B02EDF4E6}.Debug|Any CPU.Build.0 = Debug|Any CPU
		{8075DD92-F944-49FD-AA2B-E89B02EDF4E6}.Release|Any CPU.ActiveCfg = Release|Any CPU
		{8075DD92-F944-49FD-AA2B-E89B02EDF4E6}.Release|Any CPU.Build.0 = Release|Any CPU
		{6C366EAB-8518-44FE-AEEB-DBECDD9319D0}.Debug|Any CPU.ActiveCfg = Debug|Any CPU
		{6C366EAB-8518-44FE-AEEB-DBECDD9319D0}.Debug|Any CPU.Build.0 = Debug|Any CPU
		{6C366EAB-8518-44FE-AEEB-DBECDD9319D0}.Release|Any CPU.ActiveCfg = Release|Any CPU
		{6C366EAB-8518-44FE-AEEB-DBECDD9319D0}.Release|Any CPU.Build.0 = Release|Any CPU
		{573090F5-F0AF-4DF0-B0F7-0C83C5057D80}.Debug|Any CPU.ActiveCfg = Debug|Any CPU
		{573090F5-F0AF-4DF0-B0F7-0C83C5057D80}.Debug|Any CPU.Build.0 = Debug|Any CPU
		{573090F5-F0AF-4DF0-B0F7-0C83C5057D80}.Release|Any CPU.ActiveCfg = Release|Any CPU
		{573090F5-F0AF-4DF0-B0F7-0C83C5057D80}.Release|Any CPU.Build.0 = Release|Any CPU
		{420C4979-9B18-4BE9-8A89-A0B76B08CBB5}.Debug|Any CPU.ActiveCfg = Debug|Any CPU
		{420C4979-9B18-4BE9-8A89-A0B76B08CBB5}.Debug|Any CPU.Build.0 = Debug|Any CPU
		{420C4979-9B18-4BE9-8A89-A0B76B08CBB5}.Release|Any CPU.ActiveCfg = Release|Any CPU
		{420C4979-9B18-4BE9-8A89-A0B76B08CBB5}.Release|Any CPU.Build.0 = Release|Any CPU
		{36CC3C6A-8074-4A5C-9972-ED3F7EEC8A41}.Debug|Any CPU.ActiveCfg = Debug|Any CPU
		{36CC3C6A-8074-4A5C-9972-ED3F7EEC8A41}.Debug|Any CPU.Build.0 = Debug|Any CPU
		{36CC3C6A-8074-4A5C-9972-ED3F7EEC8A41}.Release|Any CPU.ActiveCfg = Release|Any CPU
		{36CC3C6A-8074-4A5C-9972-ED3F7EEC8A41}.Release|Any CPU.Build.0 = Release|Any CPU
		{0B04528C-8F0C-41DF-B4DD-66F253229D29}.Debug|Any CPU.ActiveCfg = Debug|Any CPU
		{0B04528C-8F0C-41DF-B4DD-66F253229D29}.Debug|Any CPU.Build.0 = Debug|Any CPU
		{0B04528C-8F0C-41DF-B4DD-66F253229D29}.Release|Any CPU.ActiveCfg = Release|Any CPU
		{0B04528C-8F0C-41DF-B4DD-66F253229D29}.Release|Any CPU.Build.0 = Release|Any CPU
	EndGlobalSection
	GlobalSection(SolutionProperties) = preSolution
		HideSolutionNode = FALSE
	EndGlobalSection
	GlobalSection(NestedProjects) = preSolution
		{F1CC6716-AA32-48C8-80B1-121DABE54088} = {950DC796-16FF-4999-80EB-FB93E7C8BCE1}
		{CE9F6113-631C-409C-A6C0-436E0BF7DE8C} = {F1CC6716-AA32-48C8-80B1-121DABE54088}
		{8BAE5D4A-05EC-46A5-B15E-C0DC27A3E0F0} = {950DC796-16FF-4999-80EB-FB93E7C8BCE1}
		{8075DD92-F944-49FD-AA2B-E89B02EDF4E6} = {8BAE5D4A-05EC-46A5-B15E-C0DC27A3E0F0}
		{0DCD95E5-818A-4716-A108-D3FB08C64199} = {950DC796-16FF-4999-80EB-FB93E7C8BCE1}
		{6C366EAB-8518-44FE-AEEB-DBECDD9319D0} = {0DCD95E5-818A-4716-A108-D3FB08C64199}
		{1C3AA74F-0E01-46FD-B651-D626107817DC} = {950DC796-16FF-4999-80EB-FB93E7C8BCE1}
		{573090F5-F0AF-4DF0-B0F7-0C83C5057D80} = {1C3AA74F-0E01-46FD-B651-D626107817DC}
		{E6A085A9-246D-4E94-A029-4DD929CFBACF} = {950DC796-16FF-4999-80EB-FB93E7C8BCE1}
		{420C4979-9B18-4BE9-8A89-A0B76B08CBB5} = {E6A085A9-246D-4E94-A029-4DD929CFBACF}
		{7232DC2D-2588-4E56-AE10-9CA8A53FCDCD} = {950DC796-16FF-4999-80EB-FB93E7C8BCE1}
		{36CC3C6A-8074-4A5C-9972-ED3F7EEC8A41} = {7232DC2D-2588-4E56-AE10-9CA8A53FCDCD}
		{66E0DFAC-3915-41E0-8412-62D0ABE10DB7} = {950DC796-16FF-4999-80EB-FB93E7C8BCE1}
		{0B04528C-8F0C-41DF-B4DD-66F253229D29} = {66E0DFAC-3915-41E0-8412-62D0ABE10DB7}
	EndGlobalSection
	GlobalSection(ExtensibilityGlobals) = postSolution
		SolutionGuid = {DABAC409-FDB3-4E1E-908D-4B394F495E7B}
	EndGlobalSection
EndGlobal
